
Microsoft Visual Studio Solution File, Format Version 12.00
# Visual Studio Version 17
VisualStudioVersion = 17.7.33808.371
MinimumVisualStudioVersion = 10.0.40219.1
Project("{2150E333-8FDC-42A3-9474-1A3956D46DE8}") = "Source", "Source", "{C21651D4-6C7E-45C1-816C-2778FABE95A0}"
EndProject
Project("{2150E333-8FDC-42A3-9474-1A3956D46DE8}") = "Platforms", "Platforms", "{451764E8-E14F-45E6-8FE6-26BF4493D7B9}"
EndProject
Project("{9A19103F-16F7-4668-BE54-9A1E7A4F7556}") = "MvvmVersusMvux.DataContracts", "MvvmVersusMvux.DataContracts\MvvmVersusMvux.DataContracts.csproj", "{7D949CC2-2AB1-4BE1-A657-955BA036A026}"
EndProject
Project("{9A19103F-16F7-4668-BE54-9A1E7A4F7556}") = "MvvmVersusMvux", "MvvmVersusMvux\MvvmVersusMvux.csproj", "{1205CD56-2359-4B59-81B5-49320EE2281A}"
EndProject
Project("{9A19103F-16F7-4668-BE54-9A1E7A4F7556}") = "MvvmVersusMvux.Mobile", "MvvmVersusMvux.Mobile\MvvmVersusMvux.Mobile.csproj", "{EFD41FBD-B6E1-4165-9E12-C1FF35E4F134}"
EndProject
Project("{9A19103F-16F7-4668-BE54-9A1E7A4F7556}") = "MvvmVersusMvux.Windows", "MvvmVersusMvux.Windows\MvvmVersusMvux.Windows.csproj", "{981A262F-09D8-4EDE-A57E-197AC25F622E}"
EndProject
Project("{9A19103F-16F7-4668-BE54-9A1E7A4F7556}") = "MvvmVersusMvux.Wasm", "MvvmVersusMvux.Wasm\MvvmVersusMvux.Wasm.csproj", "{CBD065BE-CBBC-40B7-885F-27235B7A7D51}"
EndProject
Project("{9A19103F-16F7-4668-BE54-9A1E7A4F7556}") = "MvvmVersusMvux.Skia.Gtk", "MvvmVersusMvux.Skia.Gtk\MvvmVersusMvux.Skia.Gtk.csproj", "{9889020D-5927-46E4-8174-6F327D49549B}"
EndProject
Global
	GlobalSection(SolutionConfigurationPlatforms) = preSolution
		Debug|Any CPU = Debug|Any CPU
		Debug|arm64 = Debug|arm64
		Debug|x64 = Debug|x64
		Debug|x86 = Debug|x86
		Release|Any CPU = Release|Any CPU
		Release|arm64 = Release|arm64
		Release|x64 = Release|x64
		Release|x86 = Release|x86
	EndGlobalSection
	GlobalSection(ProjectConfigurationPlatforms) = postSolution
		{7D949CC2-2AB1-4BE1-A657-955BA036A026}.Debug|Any CPU.ActiveCfg = Debug|Any CPU
		{7D949CC2-2AB1-4BE1-A657-955BA036A026}.Debug|Any CPU.Build.0 = Debug|Any CPU
		{7D949CC2-2AB1-4BE1-A657-955BA036A026}.Debug|arm64.ActiveCfg = Debug|Any CPU
		{7D949CC2-2AB1-4BE1-A657-955BA036A026}.Debug|arm64.Build.0 = Debug|Any CPU
		{7D949CC2-2AB1-4BE1-A657-955BA036A026}.Debug|x64.ActiveCfg = Debug|Any CPU
		{7D949CC2-2AB1-4BE1-A657-955BA036A026}.Debug|x64.Build.0 = Debug|Any CPU
		{7D949CC2-2AB1-4BE1-A657-955BA036A026}.Debug|x86.ActiveCfg = Debug|Any CPU
		{7D949CC2-2AB1-4BE1-A657-955BA036A026}.Debug|x86.Build.0 = Debug|Any CPU
		{7D949CC2-2AB1-4BE1-A657-955BA036A026}.Release|Any CPU.ActiveCfg = Release|Any CPU
		{7D949CC2-2AB1-4BE1-A657-955BA036A026}.Release|Any CPU.Build.0 = Release|Any CPU
		{7D949CC2-2AB1-4BE1-A657-955BA036A026}.Release|arm64.ActiveCfg = Release|Any CPU
		{7D949CC2-2AB1-4BE1-A657-955BA036A026}.Release|arm64.Build.0 = Release|Any CPU
		{7D949CC2-2AB1-4BE1-A657-955BA036A026}.Release|x64.ActiveCfg = Release|Any CPU
		{7D949CC2-2AB1-4BE1-A657-955BA036A026}.Release|x64.Build.0 = Release|Any CPU
		{7D949CC2-2AB1-4BE1-A657-955BA036A026}.Release|x86.ActiveCfg = Release|Any CPU
		{7D949CC2-2AB1-4BE1-A657-955BA036A026}.Release|x86.Build.0 = Release|Any CPU
		{1205CD56-2359-4B59-81B5-49320EE2281A}.Debug|Any CPU.ActiveCfg = Debug|Any CPU
		{1205CD56-2359-4B59-81B5-49320EE2281A}.Debug|Any CPU.Build.0 = Debug|Any CPU
		{1205CD56-2359-4B59-81B5-49320EE2281A}.Debug|arm64.ActiveCfg = Debug|Any CPU
		{1205CD56-2359-4B59-81B5-49320EE2281A}.Debug|arm64.Build.0 = Debug|Any CPU
		{1205CD56-2359-4B59-81B5-49320EE2281A}.Debug|x64.ActiveCfg = Debug|Any CPU
		{1205CD56-2359-4B59-81B5-49320EE2281A}.Debug|x64.Build.0 = Debug|Any CPU
		{1205CD56-2359-4B59-81B5-49320EE2281A}.Debug|x86.ActiveCfg = Debug|Any CPU
		{1205CD56-2359-4B59-81B5-49320EE2281A}.Debug|x86.Build.0 = Debug|Any CPU
		{1205CD56-2359-4B59-81B5-49320EE2281A}.Release|Any CPU.ActiveCfg = Release|Any CPU
		{1205CD56-2359-4B59-81B5-49320EE2281A}.Release|Any CPU.Build.0 = Release|Any CPU
		{1205CD56-2359-4B59-81B5-49320EE2281A}.Release|arm64.ActiveCfg = Release|Any CPU
		{1205CD56-2359-4B59-81B5-49320EE2281A}.Release|arm64.Build.0 = Release|Any CPU
		{1205CD56-2359-4B59-81B5-49320EE2281A}.Release|x64.ActiveCfg = Release|Any CPU
		{1205CD56-2359-4B59-81B5-49320EE2281A}.Release|x64.Build.0 = Release|Any CPU
		{1205CD56-2359-4B59-81B5-49320EE2281A}.Release|x86.ActiveCfg = Release|Any CPU
		{1205CD56-2359-4B59-81B5-49320EE2281A}.Release|x86.Build.0 = Release|Any CPU
		{EFD41FBD-B6E1-4165-9E12-C1FF35E4F134}.Debug|Any CPU.ActiveCfg = Debug|Any CPU
		{EFD41FBD-B6E1-4165-9E12-C1FF35E4F134}.Debug|Any CPU.Build.0 = Debug|Any CPU
		{EFD41FBD-B6E1-4165-9E12-C1FF35E4F134}.Debug|Any CPU.Deploy.0 = Debug|Any CPU
		{EFD41FBD-B6E1-4165-9E12-C1FF35E4F134}.Debug|arm64.ActiveCfg = Debug|Any CPU
		{EFD41FBD-B6E1-4165-9E12-C1FF35E4F134}.Debug|arm64.Build.0 = Debug|Any CPU
		{EFD41FBD-B6E1-4165-9E12-C1FF35E4F134}.Debug|arm64.Deploy.0 = Debug|Any CPU
		{EFD41FBD-B6E1-4165-9E12-C1FF35E4F134}.Debug|x64.ActiveCfg = Debug|Any CPU
		{EFD41FBD-B6E1-4165-9E12-C1FF35E4F134}.Debug|x64.Build.0 = Debug|Any CPU
		{EFD41FBD-B6E1-4165-9E12-C1FF35E4F134}.Debug|x64.Deploy.0 = Debug|Any CPU
		{EFD41FBD-B6E1-4165-9E12-C1FF35E4F134}.Debug|x86.ActiveCfg = Debug|Any CPU
		{EFD41FBD-B6E1-4165-9E12-C1FF35E4F134}.Debug|x86.Build.0 = Debug|Any CPU
		{EFD41FBD-B6E1-4165-9E12-C1FF35E4F134}.Debug|x86.Deploy.0 = Debug|Any CPU
		{EFD41FBD-B6E1-4165-9E12-C1FF35E4F134}.Release|Any CPU.ActiveCfg = Release|Any CPU
		{EFD41FBD-B6E1-4165-9E12-C1FF35E4F134}.Release|Any CPU.Build.0 = Release|Any CPU
		{EFD41FBD-B6E1-4165-9E12-C1FF35E4F134}.Release|Any CPU.Deploy.0 = Release|Any CPU
		{EFD41FBD-B6E1-4165-9E12-C1FF35E4F134}.Release|arm64.ActiveCfg = Release|Any CPU
		{EFD41FBD-B6E1-4165-9E12-C1FF35E4F134}.Release|arm64.Build.0 = Release|Any CPU
		{EFD41FBD-B6E1-4165-9E12-C1FF35E4F134}.Release|arm64.Deploy.0 = Release|Any CPU
		{EFD41FBD-B6E1-4165-9E12-C1FF35E4F134}.Release|x64.ActiveCfg = Release|Any CPU
		{EFD41FBD-B6E1-4165-9E12-C1FF35E4F134}.Release|x64.Build.0 = Release|Any CPU
		{EFD41FBD-B6E1-4165-9E12-C1FF35E4F134}.Release|x64.Deploy.0 = Release|Any CPU
		{EFD41FBD-B6E1-4165-9E12-C1FF35E4F134}.Release|x86.ActiveCfg = Release|Any CPU
		{EFD41FBD-B6E1-4165-9E12-C1FF35E4F134}.Release|x86.Build.0 = Release|Any CPU
		{EFD41FBD-B6E1-4165-9E12-C1FF35E4F134}.Release|x86.Deploy.0 = Release|Any CPU
		{981A262F-09D8-4EDE-A57E-197AC25F622E}.Debug|Any CPU.ActiveCfg = Debug|x64
		{981A262F-09D8-4EDE-A57E-197AC25F622E}.Debug|Any CPU.Build.0 = Debug|x64
		{981A262F-09D8-4EDE-A57E-197AC25F622E}.Debug|Any CPU.Deploy.0 = Debug|x64
		{981A262F-09D8-4EDE-A57E-197AC25F622E}.Debug|arm64.ActiveCfg = Debug|arm64
		{981A262F-09D8-4EDE-A57E-197AC25F622E}.Debug|arm64.Build.0 = Debug|arm64
		{981A262F-09D8-4EDE-A57E-197AC25F622E}.Debug|arm64.Deploy.0 = Debug|arm64
		{981A262F-09D8-4EDE-A57E-197AC25F622E}.Debug|x64.ActiveCfg = Debug|x64
		{981A262F-09D8-4EDE-A57E-197AC25F622E}.Debug|x64.Build.0 = Debug|x64
		{981A262F-09D8-4EDE-A57E-197AC25F622E}.Debug|x64.Deploy.0 = Debug|x64
		{981A262F-09D8-4EDE-A57E-197AC25F622E}.Debug|x86.ActiveCfg = Debug|x86
		{981A262F-09D8-4EDE-A57E-197AC25F622E}.Debug|x86.Build.0 = Debug|x86
		{981A262F-09D8-4EDE-A57E-197AC25F622E}.Debug|x86.Deploy.0 = Debug|x86
		{981A262F-09D8-4EDE-A57E-197AC25F622E}.Release|Any CPU.ActiveCfg = Release|x64
		{981A262F-09D8-4EDE-A57E-197AC25F622E}.Release|Any CPU.Build.0 = Release|x64
		{981A262F-09D8-4EDE-A57E-197AC25F622E}.Release|Any CPU.Deploy.0 = Release|x64
		{981A262F-09D8-4EDE-A57E-197AC25F622E}.Release|arm64.ActiveCfg = Release|arm64
		{981A262F-09D8-4EDE-A57E-197AC25F622E}.Release|arm64.Build.0 = Release|arm64
		{981A262F-09D8-4EDE-A57E-197AC25F622E}.Release|arm64.Deploy.0 = Release|arm64
		{981A262F-09D8-4EDE-A57E-197AC25F622E}.Release|x64.ActiveCfg = Release|x64
		{981A262F-09D8-4EDE-A57E-197AC25F622E}.Release|x64.Build.0 = Release|x64
		{981A262F-09D8-4EDE-A57E-197AC25F622E}.Release|x64.Deploy.0 = Release|x64
		{981A262F-09D8-4EDE-A57E-197AC25F622E}.Release|x86.ActiveCfg = Release|x86
		{981A262F-09D8-4EDE-A57E-197AC25F622E}.Release|x86.Build.0 = Release|x86
		{981A262F-09D8-4EDE-A57E-197AC25F622E}.Release|x86.Deploy.0 = Release|x86
		{CBD065BE-CBBC-40B7-885F-27235B7A7D51}.Debug|Any CPU.ActiveCfg = Debug|Any CPU
		{CBD065BE-CBBC-40B7-885F-27235B7A7D51}.Debug|Any CPU.Build.0 = Debug|Any CPU
		{CBD065BE-CBBC-40B7-885F-27235B7A7D51}.Debug|arm64.ActiveCfg = Debug|Any CPU
		{CBD065BE-CBBC-40B7-885F-27235B7A7D51}.Debug|arm64.Build.0 = Debug|Any CPU
		{CBD065BE-CBBC-40B7-885F-27235B7A7D51}.Debug|x64.ActiveCfg = Debug|Any CPU
		{CBD065BE-CBBC-40B7-885F-27235B7A7D51}.Debug|x64.Build.0 = Debug|Any CPU
		{CBD065BE-CBBC-40B7-885F-27235B7A7D51}.Debug|x86.ActiveCfg = Debug|Any CPU
		{CBD065BE-CBBC-40B7-885F-27235B7A7D51}.Debug|x86.Build.0 = Debug|Any CPU
		{CBD065BE-CBBC-40B7-885F-27235B7A7D51}.Release|Any CPU.ActiveCfg = Release|Any CPU
		{CBD065BE-CBBC-40B7-885F-27235B7A7D51}.Release|Any CPU.Build.0 = Release|Any CPU
		{CBD065BE-CBBC-40B7-885F-27235B7A7D51}.Release|arm64.ActiveCfg = Release|Any CPU
		{CBD065BE-CBBC-40B7-885F-27235B7A7D51}.Release|arm64.Build.0 = Release|Any CPU
		{CBD065BE-CBBC-40B7-885F-27235B7A7D51}.Release|x64.ActiveCfg = Release|Any CPU
		{CBD065BE-CBBC-40B7-885F-27235B7A7D51}.Release|x64.Build.0 = Release|Any CPU
		{CBD065BE-CBBC-40B7-885F-27235B7A7D51}.Release|x86.ActiveCfg = Release|Any CPU
		{CBD065BE-CBBC-40B7-885F-27235B7A7D51}.Release|x86.Build.0 = Release|Any CPU
		{9889020D-5927-46E4-8174-6F327D49549B}.Debug|Any CPU.ActiveCfg = Debug|Any CPU
		{9889020D-5927-46E4-8174-6F327D49549B}.Debug|Any CPU.Build.0 = Debug|Any CPU
		{9889020D-5927-46E4-8174-6F327D49549B}.Debug|arm64.ActiveCfg = Debug|Any CPU
		{9889020D-5927-46E4-8174-6F327D49549B}.Debug|arm64.Build.0 = Debug|Any CPU
		{9889020D-5927-46E4-8174-6F327D49549B}.Debug|x64.ActiveCfg = Debug|Any CPU
		{9889020D-5927-46E4-8174-6F327D49549B}.Debug|x64.Build.0 = Debug|Any CPU
		{9889020D-5927-46E4-8174-6F327D49549B}.Debug|x86.ActiveCfg = Debug|Any CPU
		{9889020D-5927-46E4-8174-6F327D49549B}.Debug|x86.Build.0 = Debug|Any CPU
		{9889020D-5927-46E4-8174-6F327D49549B}.Release|Any CPU.ActiveCfg = Release|Any CPU
		{9889020D-5927-46E4-8174-6F327D49549B}.Release|Any CPU.Build.0 = Release|Any CPU
		{9889020D-5927-46E4-8174-6F327D49549B}.Release|arm64.ActiveCfg = Release|Any CPU
		{9889020D-5927-46E4-8174-6F327D49549B}.Release|arm64.Build.0 = Release|Any CPU
		{9889020D-5927-46E4-8174-6F327D49549B}.Release|x64.ActiveCfg = Release|Any CPU
		{9889020D-5927-46E4-8174-6F327D49549B}.Release|x64.Build.0 = Release|Any CPU
		{9889020D-5927-46E4-8174-6F327D49549B}.Release|x86.ActiveCfg = Release|Any CPU
		{9889020D-5927-46E4-8174-6F327D49549B}.Release|x86.Build.0 = Release|Any CPU
	EndGlobalSection
	GlobalSection(SolutionProperties) = preSolution
		HideSolutionNode = FALSE
	EndGlobalSection
	GlobalSection(NestedProjects) = preSolution
		{451764E8-E14F-45E6-8FE6-26BF4493D7B9} = {C21651D4-6C7E-45C1-816C-2778FABE95A0}
		{7D949CC2-2AB1-4BE1-A657-955BA036A026} = {C21651D4-6C7E-45C1-816C-2778FABE95A0}
		{1205CD56-2359-4B59-81B5-49320EE2281A} = {C21651D4-6C7E-45C1-816C-2778FABE95A0}
		{EFD41FBD-B6E1-4165-9E12-C1FF35E4F134} = {451764E8-E14F-45E6-8FE6-26BF4493D7B9}
		{981A262F-09D8-4EDE-A57E-197AC25F622E} = {451764E8-E14F-45E6-8FE6-26BF4493D7B9}
		{CBD065BE-CBBC-40B7-885F-27235B7A7D51} = {451764E8-E14F-45E6-8FE6-26BF4493D7B9}
		{9889020D-5927-46E4-8174-6F327D49549B} = {451764E8-E14F-45E6-8FE6-26BF4493D7B9}
	EndGlobalSection
	GlobalSection(ExtensibilityGlobals) = postSolution
		SolutionGuid = {63309E8F-218A-4E39-95A9-85F1E1E941FC}
	EndGlobalSection
EndGlobal
